
Microsoft Visual Studio Solution File, Format Version 12.00
# Visual Studio Version 16
VisualStudioVersion = 16.0.30330.147
MinimumVisualStudioVersion = 10.0.40219.1
Project("{FAE04EC0-301F-11D3-BF4B-00C04F79EFBC}") = "ProgressiveNoteBook", "ProgressiveNoteBook\ProgressiveNoteBook.csproj", "{89623963-5ABC-4DEF-88B0-001601B1E1F7}"
EndProject
Project("{54435603-DBB4-11D2-8724-00A0C9A8B90C}") = "Setup1", "Setup1\Setup1.vdproj", "{3735913C-7721-4364-8B2A-AA394DC18A15}"
EndProject
Global
	GlobalSection(SolutionConfigurationPlatforms) = preSolution
		Debug|Any CPU = Debug|Any CPU
		Release|Any CPU = Release|Any CPU
	EndGlobalSection
	GlobalSection(ProjectConfigurationPlatforms) = postSolution
		{89623963-5ABC-4DEF-88B0-001601B1E1F7}.Debug|Any CPU.ActiveCfg = Debug|Any CPU
		{89623963-5ABC-4DEF-88B0-001601B1E1F7}.Debug|Any CPU.Build.0 = Debug|Any CPU
		{89623963-5ABC-4DEF-88B0-001601B1E1F7}.Release|Any CPU.ActiveCfg = Release|Any CPU
		{89623963-5ABC-4DEF-88B0-001601B1E1F7}.Release|Any CPU.Build.0 = Release|Any CPU
		{3735913C-7721-4364-8B2A-AA394DC18A15}.Debug|Any CPU.ActiveCfg = Debug
		{3735913C-7721-4364-8B2A-AA394DC18A15}.Release|Any CPU.ActiveCfg = Release
	EndGlobalSection
	GlobalSection(SolutionProperties) = preSolution
		HideSolutionNode = FALSE
	EndGlobalSection
	GlobalSection(ExtensibilityGlobals) = postSolution
		SolutionGuid = {04B440BF-E611-416B-A46B-AEEC53434BD5}
	EndGlobalSection
EndGlobal
